
Microsoft Visual Studio Solution File, Format Version 12.00
# Visual Studio Version 16
VisualStudioVersion = 16.0.31019.35
MinimumVisualStudioVersion = 10.0.40219.1
Project("{FAE04EC0-301F-11D3-BF4B-00C04F79EFBC}") = "AutoTechSupport", "AutoTechSupport.csproj", "{75B348B3-637A-4B8D-8C48-408F686DBCB4}"
EndProject
Global
	GlobalSection(SolutionConfigurationPlatforms) = preSolution
		Debug|Any CPU = Debug|Any CPU
		Release|Any CPU = Release|Any CPU
	EndGlobalSection
	GlobalSection(ProjectConfigurationPlatforms) = postSolution
		{75B348B3-637A-4B8D-8C48-408F686DBCB4}.Debug|Any CPU.ActiveCfg = Debug|Any CPU
		{75B348B3-637A-4B8D-8C48-408F686DBCB4}.Debug|Any CPU.Build.0 = Debug|Any CPU
		{75B348B3-637A-4B8D-8C48-408F686DBCB4}.Release|Any CPU.ActiveCfg = Release|Any CPU
		{75B348B3-637A-4B8D-8C48-408F686DBCB4}.Release|Any CPU.Build.0 = Release|Any CPU
	EndGlobalSection
	GlobalSection(SolutionProperties) = preSolution
		HideSolutionNode = FALSE
	EndGlobalSection
	GlobalSection(ExtensibilityGlobals) = postSolution
		SolutionGuid = {E89ABF5C-790B-4DA3-AA76-F81A3D8C5733}
	EndGlobalSection
EndGlobal
